// !$*UTF8*$!
{
	archiveVersion = 1;
	classes = {
	};
	objectVersion = 56;
	objects = {

/* Begin PBXBuildFile section */
		283457602AE1F5240077D686 /* TasteEvalView.swift in Sources */ = {isa = PBXBuildFile; fileRef = 2834575F2AE1F5240077D686 /* TasteEvalView.swift */; };
		283457622AE1F53F0077D686 /* TasteEvalViewVM.swift in Sources */ = {isa = PBXBuildFile; fileRef = 283457612AE1F53E0077D686 /* TasteEvalViewVM.swift */; };
		7E6325F02AD364CB0006C859 /* Header.swift in Sources */ = {isa = PBXBuildFile; fileRef = 7E6325EF2AD364CB0006C859 /* Header.swift */; };
		7E6325F22AD3650B0006C859 /* LoginForm.swift in Sources */ = {isa = PBXBuildFile; fileRef = 7E6325F12AD3650B0006C859 /* LoginForm.swift */; };
		7E6325F62AD3684C0006C859 /* RegisterPrompt.swift in Sources */ = {isa = PBXBuildFile; fileRef = 7E6325F52AD3684C0006C859 /* RegisterPrompt.swift */; };
		7EE00EF82AD397BF003C2ABD /* LoginPrompt.swift in Sources */ = {isa = PBXBuildFile; fileRef = 7EE00EF72AD397BF003C2ABD /* LoginPrompt.swift */; };
		7EE00EFA2AD39EEE003C2ABD /* RegisterForm.swift in Sources */ = {isa = PBXBuildFile; fileRef = 7EE00EF92AD39EEE003C2ABD /* RegisterForm.swift */; };
		7EE00EFF2AD3AB72003C2ABD /* Extensions.swift in Sources */ = {isa = PBXBuildFile; fileRef = 7EE00EFE2AD3AB72003C2ABD /* Extensions.swift */; };
		7EFF43542AD3342100DD5468 /* RevcipeApp.swift in Sources */ = {isa = PBXBuildFile; fileRef = 7EFF43532AD3342100DD5468 /* RevcipeApp.swift */; };
		7EFF43562AD3342100DD5468 /* MainView.swift in Sources */ = {isa = PBXBuildFile; fileRef = 7EFF43552AD3342100DD5468 /* MainView.swift */; };
		7EFF43582AD3342300DD5468 /* Assets.xcassets in Resources */ = {isa = PBXBuildFile; fileRef = 7EFF43572AD3342300DD5468 /* Assets.xcassets */; };
		7EFF435B2AD3342300DD5468 /* Preview Assets.xcassets in Resources */ = {isa = PBXBuildFile; fileRef = 7EFF435A2AD3342300DD5468 /* Preview Assets.xcassets */; };
		7EFF43652AD3342300DD5468 /* RevcipeTests.swift in Sources */ = {isa = PBXBuildFile; fileRef = 7EFF43642AD3342300DD5468 /* RevcipeTests.swift */; };
		7EFF436F2AD3342300DD5468 /* RevcipeUITests.swift in Sources */ = {isa = PBXBuildFile; fileRef = 7EFF436E2AD3342300DD5468 /* RevcipeUITests.swift */; };
		7EFF43712AD3342300DD5468 /* RevcipeUITestsLaunchTests.swift in Sources */ = {isa = PBXBuildFile; fileRef = 7EFF43702AD3342300DD5468 /* RevcipeUITestsLaunchTests.swift */; };
		7EFF43892AD357FC00DD5468 /* GoogleService-Info.plist in Resources */ = {isa = PBXBuildFile; fileRef = 7EFF43882AD357FC00DD5468 /* GoogleService-Info.plist */; };
		7EFF438B2AD35AD200DD5468 /* FirebaseAuth in Frameworks */ = {isa = PBXBuildFile; productRef = 7EFF438A2AD35AD200DD5468 /* FirebaseAuth */; };
		7EFF438D2AD35AD200DD5468 /* FirebaseFirestore in Frameworks */ = {isa = PBXBuildFile; productRef = 7EFF438C2AD35AD200DD5468 /* FirebaseFirestore */; };
		7EFF438F2AD35AD200DD5468 /* FirebaseFirestoreSwift in Frameworks */ = {isa = PBXBuildFile; productRef = 7EFF438E2AD35AD200DD5468 /* FirebaseFirestoreSwift */; };
		7EFF43942AD35E7200DD5468 /* ProfileView.swift in Sources */ = {isa = PBXBuildFile; fileRef = 7EFF43932AD35E7200DD5468 /* ProfileView.swift */; };
		7EFF43962AD35E8800DD5468 /* InventoryView.swift in Sources */ = {isa = PBXBuildFile; fileRef = 7EFF43952AD35E8800DD5468 /* InventoryView.swift */; };
		7EFF439A2AD35EF200DD5468 /* RecipesView.swift in Sources */ = {isa = PBXBuildFile; fileRef = 7EFF43992AD35EF200DD5468 /* RecipesView.swift */; };
		7EFF439C2AD35F0500DD5468 /* AddItemView.swift in Sources */ = {isa = PBXBuildFile; fileRef = 7EFF439B2AD35F0500DD5468 /* AddItemView.swift */; };
		7EFF439E2AD35F0E00DD5468 /* LoginView.swift in Sources */ = {isa = PBXBuildFile; fileRef = 7EFF439D2AD35F0E00DD5468 /* LoginView.swift */; };
		7EFF43A02AD35F1A00DD5468 /* RegisterView.swift in Sources */ = {isa = PBXBuildFile; fileRef = 7EFF439F2AD35F1A00DD5468 /* RegisterView.swift */; };
		7EFF43A42AD35FAF00DD5468 /* User.swift in Sources */ = {isa = PBXBuildFile; fileRef = 7EFF43A32AD35FAF00DD5468 /* User.swift */; };
		7EFF43A62AD35FBB00DD5468 /* FoodItem.swift in Sources */ = {isa = PBXBuildFile; fileRef = 7EFF43A52AD35FBB00DD5468 /* FoodItem.swift */; };
		7EFF43A82AD35FCB00DD5468 /* FoodItemView.swift in Sources */ = {isa = PBXBuildFile; fileRef = 7EFF43A72AD35FCB00DD5468 /* FoodItemView.swift */; };
		7EFF43AA2AD3600000DD5468 /* MainViewVM.swift in Sources */ = {isa = PBXBuildFile; fileRef = 7EFF43A92AD3600000DD5468 /* MainViewVM.swift */; };
		7EFF43AC2AD3601200DD5468 /* ProfileViewVM.swift in Sources */ = {isa = PBXBuildFile; fileRef = 7EFF43AB2AD3601200DD5468 /* ProfileViewVM.swift */; };
		7EFF43AE2AD3601B00DD5468 /* InventoryViewVM.swift in Sources */ = {isa = PBXBuildFile; fileRef = 7EFF43AD2AD3601B00DD5468 /* InventoryViewVM.swift */; };
		7EFF43B02AD3602200DD5468 /* RecipesViewVM.swift in Sources */ = {isa = PBXBuildFile; fileRef = 7EFF43AF2AD3602200DD5468 /* RecipesViewVM.swift */; };
		7EFF43B42AD3603000DD5468 /* LoginViewVM.swift in Sources */ = {isa = PBXBuildFile; fileRef = 7EFF43B32AD3603000DD5468 /* LoginViewVM.swift */; };
		7EFF43B62AD3603500DD5468 /* RegisterViewVM.swift in Sources */ = {isa = PBXBuildFile; fileRef = 7EFF43B52AD3603500DD5468 /* RegisterViewVM.swift */; };
		7EFF43B82AD3603A00DD5468 /* FoodItemViewVM.swift in Sources */ = {isa = PBXBuildFile; fileRef = 7EFF43B72AD3603A00DD5468 /* FoodItemViewVM.swift */; };
/* End PBXBuildFile section */

/* Begin PBXContainerItemProxy section */
		7EFF43612AD3342300DD5468 /* PBXContainerItemProxy */ = {
			isa = PBXContainerItemProxy;
			containerPortal = 7EFF43482AD3342100DD5468 /* Project object */;
			proxyType = 1;
			remoteGlobalIDString = 7EFF434F2AD3342100DD5468;
			remoteInfo = Revcipe;
		};
		7EFF436B2AD3342300DD5468 /* PBXContainerItemProxy */ = {
			isa = PBXContainerItemProxy;
			containerPortal = 7EFF43482AD3342100DD5468 /* Project object */;
			proxyType = 1;
			remoteGlobalIDString = 7EFF434F2AD3342100DD5468;
			remoteInfo = Revcipe;
		};
/* End PBXContainerItemProxy section */

/* Begin PBXFileReference section */
		2834575F2AE1F5240077D686 /* TasteEvalView.swift */ = {isa = PBXFileReference; fileEncoding = 4; lastKnownFileType = sourcecode.swift; path = TasteEvalView.swift; sourceTree = "<group>"; };
		283457612AE1F53E0077D686 /* TasteEvalViewVM.swift */ = {isa = PBXFileReference; fileEncoding = 4; lastKnownFileType = sourcecode.swift; path = TasteEvalViewVM.swift; sourceTree = "<group>"; };
		7E6325EF2AD364CB0006C859 /* Header.swift */ = {isa = PBXFileReference; lastKnownFileType = sourcecode.swift; path = Header.swift; sourceTree = "<group>"; };
		7E6325F12AD3650B0006C859 /* LoginForm.swift */ = {isa = PBXFileReference; lastKnownFileType = sourcecode.swift; path = LoginForm.swift; sourceTree = "<group>"; };
		7E6325F52AD3684C0006C859 /* RegisterPrompt.swift */ = {isa = PBXFileReference; lastKnownFileType = sourcecode.swift; path = RegisterPrompt.swift; sourceTree = "<group>"; };
		7EE00EF72AD397BF003C2ABD /* LoginPrompt.swift */ = {isa = PBXFileReference; lastKnownFileType = sourcecode.swift; path = LoginPrompt.swift; sourceTree = "<group>"; };
		7EE00EF92AD39EEE003C2ABD /* RegisterForm.swift */ = {isa = PBXFileReference; lastKnownFileType = sourcecode.swift; path = RegisterForm.swift; sourceTree = "<group>"; };
		7EE00EFE2AD3AB72003C2ABD /* Extensions.swift */ = {isa = PBXFileReference; lastKnownFileType = sourcecode.swift; path = Extensions.swift; sourceTree = "<group>"; };
		7EF300872ADB248700D18EBA /* Revcipe.entitlements */ = {isa = PBXFileReference; lastKnownFileType = text.plist.entitlements; path = Revcipe.entitlements; sourceTree = "<group>"; };
		7EFF43502AD3342100DD5468 /* Revcipe.app */ = {isa = PBXFileReference; explicitFileType = wrapper.application; includeInIndex = 0; path = Revcipe.app; sourceTree = BUILT_PRODUCTS_DIR; };
		7EFF43532AD3342100DD5468 /* RevcipeApp.swift */ = {isa = PBXFileReference; lastKnownFileType = sourcecode.swift; path = RevcipeApp.swift; sourceTree = "<group>"; };
		7EFF43552AD3342100DD5468 /* MainView.swift */ = {isa = PBXFileReference; lastKnownFileType = sourcecode.swift; path = MainView.swift; sourceTree = "<group>"; };
		7EFF43572AD3342300DD5468 /* Assets.xcassets */ = {isa = PBXFileReference; lastKnownFileType = folder.assetcatalog; path = Assets.xcassets; sourceTree = "<group>"; };
		7EFF435A2AD3342300DD5468 /* Preview Assets.xcassets */ = {isa = PBXFileReference; lastKnownFileType = folder.assetcatalog; path = "Preview Assets.xcassets"; sourceTree = "<group>"; };
		7EFF43602AD3342300DD5468 /* RevcipeTests.xctest */ = {isa = PBXFileReference; explicitFileType = wrapper.cfbundle; includeInIndex = 0; path = RevcipeTests.xctest; sourceTree = BUILT_PRODUCTS_DIR; };
		7EFF43642AD3342300DD5468 /* RevcipeTests.swift */ = {isa = PBXFileReference; lastKnownFileType = sourcecode.swift; path = RevcipeTests.swift; sourceTree = "<group>"; };
		7EFF436A2AD3342300DD5468 /* RevcipeUITests.xctest */ = {isa = PBXFileReference; explicitFileType = wrapper.cfbundle; includeInIndex = 0; path = RevcipeUITests.xctest; sourceTree = BUILT_PRODUCTS_DIR; };
		7EFF436E2AD3342300DD5468 /* RevcipeUITests.swift */ = {isa = PBXFileReference; lastKnownFileType = sourcecode.swift; path = RevcipeUITests.swift; sourceTree = "<group>"; };
		7EFF43702AD3342300DD5468 /* RevcipeUITestsLaunchTests.swift */ = {isa = PBXFileReference; lastKnownFileType = sourcecode.swift; path = RevcipeUITestsLaunchTests.swift; sourceTree = "<group>"; };
		7EFF43882AD357FC00DD5468 /* GoogleService-Info.plist */ = {isa = PBXFileReference; fileEncoding = 4; lastKnownFileType = text.plist.xml; path = "GoogleService-Info.plist"; sourceTree = "<group>"; };
		7EFF43932AD35E7200DD5468 /* ProfileView.swift */ = {isa = PBXFileReference; lastKnownFileType = sourcecode.swift; path = ProfileView.swift; sourceTree = "<group>"; };
		7EFF43952AD35E8800DD5468 /* InventoryView.swift */ = {isa = PBXFileReference; lastKnownFileType = sourcecode.swift; path = InventoryView.swift; sourceTree = "<group>"; };
		7EFF43992AD35EF200DD5468 /* RecipesView.swift */ = {isa = PBXFileReference; lastKnownFileType = sourcecode.swift; path = RecipesView.swift; sourceTree = "<group>"; };
		7EFF439B2AD35F0500DD5468 /* AddItemView.swift */ = {isa = PBXFileReference; lastKnownFileType = sourcecode.swift; path = AddItemView.swift; sourceTree = "<group>"; };
		7EFF439D2AD35F0E00DD5468 /* LoginView.swift */ = {isa = PBXFileReference; lastKnownFileType = sourcecode.swift; path = LoginView.swift; sourceTree = "<group>"; };
		7EFF439F2AD35F1A00DD5468 /* RegisterView.swift */ = {isa = PBXFileReference; lastKnownFileType = sourcecode.swift; path = RegisterView.swift; sourceTree = "<group>"; };
		7EFF43A32AD35FAF00DD5468 /* User.swift */ = {isa = PBXFileReference; lastKnownFileType = sourcecode.swift; path = User.swift; sourceTree = "<group>"; };
		7EFF43A52AD35FBB00DD5468 /* FoodItem.swift */ = {isa = PBXFileReference; lastKnownFileType = sourcecode.swift; path = FoodItem.swift; sourceTree = "<group>"; };
		7EFF43A72AD35FCB00DD5468 /* FoodItemView.swift */ = {isa = PBXFileReference; lastKnownFileType = sourcecode.swift; path = FoodItemView.swift; sourceTree = "<group>"; };
		7EFF43A92AD3600000DD5468 /* MainViewVM.swift */ = {isa = PBXFileReference; lastKnownFileType = sourcecode.swift; path = MainViewVM.swift; sourceTree = "<group>"; };
		7EFF43AB2AD3601200DD5468 /* ProfileViewVM.swift */ = {isa = PBXFileReference; lastKnownFileType = sourcecode.swift; path = ProfileViewVM.swift; sourceTree = "<group>"; };
		7EFF43AD2AD3601B00DD5468 /* InventoryViewVM.swift */ = {isa = PBXFileReference; lastKnownFileType = sourcecode.swift; path = InventoryViewVM.swift; sourceTree = "<group>"; };
		7EFF43AF2AD3602200DD5468 /* RecipesViewVM.swift */ = {isa = PBXFileReference; lastKnownFileType = sourcecode.swift; path = RecipesViewVM.swift; sourceTree = "<group>"; };
		7EFF43B32AD3603000DD5468 /* LoginViewVM.swift */ = {isa = PBXFileReference; lastKnownFileType = sourcecode.swift; path = LoginViewVM.swift; sourceTree = "<group>"; };
		7EFF43B52AD3603500DD5468 /* RegisterViewVM.swift */ = {isa = PBXFileReference; lastKnownFileType = sourcecode.swift; path = RegisterViewVM.swift; sourceTree = "<group>"; };
		7EFF43B72AD3603A00DD5468 /* FoodItemViewVM.swift */ = {isa = PBXFileReference; lastKnownFileType = sourcecode.swift; path = FoodItemViewVM.swift; sourceTree = "<group>"; };
/* End PBXFileReference section */

/* Begin PBXFrameworksBuildPhase section */
		7EFF434D2AD3342100DD5468 /* Frameworks */ = {
			isa = PBXFrameworksBuildPhase;
			buildActionMask = 2147483647;
			files = (
				7EFF438B2AD35AD200DD5468 /* FirebaseAuth in Frameworks */,
				7EFF438D2AD35AD200DD5468 /* FirebaseFirestore in Frameworks */,
				7EFF438F2AD35AD200DD5468 /* FirebaseFirestoreSwift in Frameworks */,
			);
			runOnlyForDeploymentPostprocessing = 0;
		};
		7EFF435D2AD3342300DD5468 /* Frameworks */ = {
			isa = PBXFrameworksBuildPhase;
			buildActionMask = 2147483647;
			files = (
			);
			runOnlyForDeploymentPostprocessing = 0;
		};
		7EFF43672AD3342300DD5468 /* Frameworks */ = {
			isa = PBXFrameworksBuildPhase;
			buildActionMask = 2147483647;
			files = (
			);
			runOnlyForDeploymentPostprocessing = 0;
		};
/* End PBXFrameworksBuildPhase section */

/* Begin PBXGroup section */
		7E6325EE2AD364AE0006C859 /* LoginViewComponent */ = {
			isa = PBXGroup;
			children = (
				7E6325F52AD3684C0006C859 /* RegisterPrompt.swift */,
				7E6325F12AD3650B0006C859 /* LoginForm.swift */,
			);
			path = LoginViewComponent;
			sourceTree = "<group>";
		};
		7E6325F72AD376330006C859 /* PageComponent */ = {
			isa = PBXGroup;
			children = (
				7E6325EF2AD364CB0006C859 /* Header.swift */,
			);
			path = PageComponent;
			sourceTree = "<group>";
		};
		7EE00EF62AD39552003C2ABD /* RegisterViewComponent */ = {
			isa = PBXGroup;
			children = (
				7EE00EF72AD397BF003C2ABD /* LoginPrompt.swift */,
				7EE00EF92AD39EEE003C2ABD /* RegisterForm.swift */,
			);
			path = RegisterViewComponent;
			sourceTree = "<group>";
		};
		7EE00EFD2AD3AB6A003C2ABD /* utils */ = {
			isa = PBXGroup;
			children = (
				7EE00EFE2AD3AB72003C2ABD /* Extensions.swift */,
			);
			path = utils;
			sourceTree = "<group>";
		};
		7EFF43472AD3342100DD5468 = {
			isa = PBXGroup;
			children = (
				7EFF43522AD3342100DD5468 /* Revcipe */,
				7EFF43632AD3342300DD5468 /* RevcipeTests */,
				7EFF436D2AD3342300DD5468 /* RevcipeUITests */,
				7EFF43512AD3342100DD5468 /* Products */,
			);
			sourceTree = "<group>";
		};
		7EFF43512AD3342100DD5468 /* Products */ = {
			isa = PBXGroup;
			children = (
				7EFF43502AD3342100DD5468 /* Revcipe.app */,
				7EFF43602AD3342300DD5468 /* RevcipeTests.xctest */,
				7EFF436A2AD3342300DD5468 /* RevcipeUITests.xctest */,
			);
			name = Products;
			sourceTree = "<group>";
		};
		7EFF43522AD3342100DD5468 /* Revcipe */ = {
			isa = PBXGroup;
			children = (
				7EF300872ADB248700D18EBA /* Revcipe.entitlements */,
				7EE00EFD2AD3AB6A003C2ABD /* utils */,
				7EFF43922AD35B6C00DD5468 /* Models */,
				7EFF43912AD35B5C00DD5468 /* ViewModels */,
				7EFF43902AD35B5700DD5468 /* Views */,
				7EFF43882AD357FC00DD5468 /* GoogleService-Info.plist */,
				7EFF43532AD3342100DD5468 /* RevcipeApp.swift */,
				7EFF43572AD3342300DD5468 /* Assets.xcassets */,
				7EFF43592AD3342300DD5468 /* Preview Content */,
			);
			path = Revcipe;
			sourceTree = "<group>";
		};
		7EFF43592AD3342300DD5468 /* Preview Content */ = {
			isa = PBXGroup;
			children = (
				7EFF435A2AD3342300DD5468 /* Preview Assets.xcassets */,
			);
			path = "Preview Content";
			sourceTree = "<group>";
		};
		7EFF43632AD3342300DD5468 /* RevcipeTests */ = {
			isa = PBXGroup;
			children = (
				7EFF43642AD3342300DD5468 /* RevcipeTests.swift */,
			);
			path = RevcipeTests;
			sourceTree = "<group>";
		};
		7EFF436D2AD3342300DD5468 /* RevcipeUITests */ = {
			isa = PBXGroup;
			children = (
				7EFF436E2AD3342300DD5468 /* RevcipeUITests.swift */,
				7EFF43702AD3342300DD5468 /* RevcipeUITestsLaunchTests.swift */,
			);
			path = RevcipeUITests;
			sourceTree = "<group>";
		};
		7EFF43902AD35B5700DD5468 /* Views */ = {
			isa = PBXGroup;
			children = (
				7EE00EF62AD39552003C2ABD /* RegisterViewComponent */,
				7E6325F72AD376330006C859 /* PageComponent */,
				7E6325EE2AD364AE0006C859 /* LoginViewComponent */,
				7EFF43552AD3342100DD5468 /* MainView.swift */,
				7EFF43932AD35E7200DD5468 /* ProfileView.swift */,
				7EFF43952AD35E8800DD5468 /* InventoryView.swift */,
				7EFF43992AD35EF200DD5468 /* RecipesView.swift */,
				7EFF439B2AD35F0500DD5468 /* AddItemView.swift */,
				7EFF439D2AD35F0E00DD5468 /* LoginView.swift */,
				7EFF439F2AD35F1A00DD5468 /* RegisterView.swift */,
				7EFF43A72AD35FCB00DD5468 /* FoodItemView.swift */,
				2834575F2AE1F5240077D686 /* TasteEvalView.swift */,
			);
			path = Views;
			sourceTree = "<group>";
		};
		7EFF43912AD35B5C00DD5468 /* ViewModels */ = {
			isa = PBXGroup;
			children = (
				7EFF43A92AD3600000DD5468 /* MainViewVM.swift */,
				7EFF43AB2AD3601200DD5468 /* ProfileViewVM.swift */,
				7EFF43AD2AD3601B00DD5468 /* InventoryViewVM.swift */,
				7EFF43AF2AD3602200DD5468 /* RecipesViewVM.swift */,
				7EFF43B32AD3603000DD5468 /* LoginViewVM.swift */,
				7EFF43B52AD3603500DD5468 /* RegisterViewVM.swift */,
				7EFF43B72AD3603A00DD5468 /* FoodItemViewVM.swift */,
				283457612AE1F53E0077D686 /* TasteEvalViewVM.swift */,
			);
			path = ViewModels;
			sourceTree = "<group>";
		};
		7EFF43922AD35B6C00DD5468 /* Models */ = {
			isa = PBXGroup;
			children = (
				7EFF43A32AD35FAF00DD5468 /* User.swift */,
				7EFF43A52AD35FBB00DD5468 /* FoodItem.swift */,
			);
			path = Models;
			sourceTree = "<group>";
		};
/* End PBXGroup section */

/* Begin PBXNativeTarget section */
		7EFF434F2AD3342100DD5468 /* Revcipe */ = {
			isa = PBXNativeTarget;
			buildConfigurationList = 7EFF43742AD3342300DD5468 /* Build configuration list for PBXNativeTarget "Revcipe" */;
			buildPhases = (
				7EFF434C2AD3342100DD5468 /* Sources */,
				7EFF434D2AD3342100DD5468 /* Frameworks */,
				7EFF434E2AD3342100DD5468 /* Resources */,
			);
			buildRules = (
			);
			dependencies = (
			);
			name = Revcipe;
			packageProductDependencies = (
				7EFF438A2AD35AD200DD5468 /* FirebaseAuth */,
				7EFF438C2AD35AD200DD5468 /* FirebaseFirestore */,
				7EFF438E2AD35AD200DD5468 /* FirebaseFirestoreSwift */,
			);
			productName = Revcipe;
			productReference = 7EFF43502AD3342100DD5468 /* Revcipe.app */;
			productType = "com.apple.product-type.application";
		};
		7EFF435F2AD3342300DD5468 /* RevcipeTests */ = {
			isa = PBXNativeTarget;
			buildConfigurationList = 7EFF43772AD3342300DD5468 /* Build configuration list for PBXNativeTarget "RevcipeTests" */;
			buildPhases = (
				7EFF435C2AD3342300DD5468 /* Sources */,
				7EFF435D2AD3342300DD5468 /* Frameworks */,
				7EFF435E2AD3342300DD5468 /* Resources */,
			);
			buildRules = (
			);
			dependencies = (
				7EFF43622AD3342300DD5468 /* PBXTargetDependency */,
			);
			name = RevcipeTests;
			productName = RevcipeTests;
			productReference = 7EFF43602AD3342300DD5468 /* RevcipeTests.xctest */;
			productType = "com.apple.product-type.bundle.unit-test";
		};
		7EFF43692AD3342300DD5468 /* RevcipeUITests */ = {
			isa = PBXNativeTarget;
			buildConfigurationList = 7EFF437A2AD3342300DD5468 /* Build configuration list for PBXNativeTarget "RevcipeUITests" */;
			buildPhases = (
				7EFF43662AD3342300DD5468 /* Sources */,
				7EFF43672AD3342300DD5468 /* Frameworks */,
				7EFF43682AD3342300DD5468 /* Resources */,
			);
			buildRules = (
			);
			dependencies = (
				7EFF436C2AD3342300DD5468 /* PBXTargetDependency */,
			);
			name = RevcipeUITests;
			productName = RevcipeUITests;
			productReference = 7EFF436A2AD3342300DD5468 /* RevcipeUITests.xctest */;
			productType = "com.apple.product-type.bundle.ui-testing";
		};
/* End PBXNativeTarget section */

/* Begin PBXProject section */
		7EFF43482AD3342100DD5468 /* Project object */ = {
			isa = PBXProject;
			attributes = {
				BuildIndependentTargetsInParallel = 1;
				LastSwiftUpdateCheck = 1500;
				LastUpgradeCheck = 1500;
				TargetAttributes = {
					7EFF434F2AD3342100DD5468 = {
						CreatedOnToolsVersion = 15.0;
					};
					7EFF435F2AD3342300DD5468 = {
						CreatedOnToolsVersion = 15.0;
						TestTargetID = 7EFF434F2AD3342100DD5468;
					};
					7EFF43692AD3342300DD5468 = {
						CreatedOnToolsVersion = 15.0;
						TestTargetID = 7EFF434F2AD3342100DD5468;
					};
				};
			};
			buildConfigurationList = 7EFF434B2AD3342100DD5468 /* Build configuration list for PBXProject "Revcipe" */;
			compatibilityVersion = "Xcode 14.0";
			developmentRegion = en;
			hasScannedForEncodings = 0;
			knownRegions = (
				en,
				Base,
			);
			mainGroup = 7EFF43472AD3342100DD5468;
			packageReferences = (
				7EFF437D2AD354C100DD5468 /* XCRemoteSwiftPackageReference "firebase-ios-sdk" */,
			);
			productRefGroup = 7EFF43512AD3342100DD5468 /* Products */;
			projectDirPath = "";
			projectRoot = "";
			targets = (
				7EFF434F2AD3342100DD5468 /* Revcipe */,
				7EFF435F2AD3342300DD5468 /* RevcipeTests */,
				7EFF43692AD3342300DD5468 /* RevcipeUITests */,
			);
		};
/* End PBXProject section */

/* Begin PBXResourcesBuildPhase section */
		7EFF434E2AD3342100DD5468 /* Resources */ = {
			isa = PBXResourcesBuildPhase;
			buildActionMask = 2147483647;
			files = (
				7EFF435B2AD3342300DD5468 /* Preview Assets.xcassets in Resources */,
				7EFF43582AD3342300DD5468 /* Assets.xcassets in Resources */,
				7EFF43892AD357FC00DD5468 /* GoogleService-Info.plist in Resources */,
			);
			runOnlyForDeploymentPostprocessing = 0;
		};
		7EFF435E2AD3342300DD5468 /* Resources */ = {
			isa = PBXResourcesBuildPhase;
			buildActionMask = 2147483647;
			files = (
			);
			runOnlyForDeploymentPostprocessing = 0;
		};
		7EFF43682AD3342300DD5468 /* Resources */ = {
			isa = PBXResourcesBuildPhase;
			buildActionMask = 2147483647;
			files = (
			);
			runOnlyForDeploymentPostprocessing = 0;
		};
/* End PBXResourcesBuildPhase section */

/* Begin PBXSourcesBuildPhase section */
		7EFF434C2AD3342100DD5468 /* Sources */ = {
			isa = PBXSourcesBuildPhase;
			buildActionMask = 2147483647;
			files = (
				7EE00EFF2AD3AB72003C2ABD /* Extensions.swift in Sources */,
				7E6325F02AD364CB0006C859 /* Header.swift in Sources */,
				7EFF43562AD3342100DD5468 /* MainView.swift in Sources */,
				283457622AE1F53F0077D686 /* TasteEvalViewVM.swift in Sources */,
				7EFF439E2AD35F0E00DD5468 /* LoginView.swift in Sources */,
				7EFF43B82AD3603A00DD5468 /* FoodItemViewVM.swift in Sources */,
				7E6325F22AD3650B0006C859 /* LoginForm.swift in Sources */,
				7EFF439C2AD35F0500DD5468 /* AddItemView.swift in Sources */,
				7EFF43942AD35E7200DD5468 /* ProfileView.swift in Sources */,
				7EE00EF82AD397BF003C2ABD /* LoginPrompt.swift in Sources */,
				283457602AE1F5240077D686 /* TasteEvalView.swift in Sources */,
				7EFF43542AD3342100DD5468 /* RevcipeApp.swift in Sources */,
				7EFF43B62AD3603500DD5468 /* RegisterViewVM.swift in Sources */,
				7EFF43A02AD35F1A00DD5468 /* RegisterView.swift in Sources */,
				7EFF43B02AD3602200DD5468 /* RecipesViewVM.swift in Sources */,
				7EFF43AA2AD3600000DD5468 /* MainViewVM.swift in Sources */,
				7EE00EFA2AD39EEE003C2ABD /* RegisterForm.swift in Sources */,
				7EFF43A82AD35FCB00DD5468 /* FoodItemView.swift in Sources */,
				7EFF439A2AD35EF200DD5468 /* RecipesView.swift in Sources */,
				7EFF43A42AD35FAF00DD5468 /* User.swift in Sources */,
				7EFF43B42AD3603000DD5468 /* LoginViewVM.swift in Sources */,
				7EFF43AE2AD3601B00DD5468 /* InventoryViewVM.swift in Sources */,
				7EFF43962AD35E8800DD5468 /* InventoryView.swift in Sources */,
				7EFF43AC2AD3601200DD5468 /* ProfileViewVM.swift in Sources */,
				7E6325F62AD3684C0006C859 /* RegisterPrompt.swift in Sources */,
				7EFF43A62AD35FBB00DD5468 /* FoodItem.swift in Sources */,
			);
			runOnlyForDeploymentPostprocessing = 0;
		};
		7EFF435C2AD3342300DD5468 /* Sources */ = {
			isa = PBXSourcesBuildPhase;
			buildActionMask = 2147483647;
			files = (
				7EFF43652AD3342300DD5468 /* RevcipeTests.swift in Sources */,
			);
			runOnlyForDeploymentPostprocessing = 0;
		};
		7EFF43662AD3342300DD5468 /* Sources */ = {
			isa = PBXSourcesBuildPhase;
			buildActionMask = 2147483647;
			files = (
				7EFF436F2AD3342300DD5468 /* RevcipeUITests.swift in Sources */,
				7EFF43712AD3342300DD5468 /* RevcipeUITestsLaunchTests.swift in Sources */,
			);
			runOnlyForDeploymentPostprocessing = 0;
		};
/* End PBXSourcesBuildPhase section */

/* Begin PBXTargetDependency section */
		7EFF43622AD3342300DD5468 /* PBXTargetDependency */ = {
			isa = PBXTargetDependency;
			target = 7EFF434F2AD3342100DD5468 /* Revcipe */;
			targetProxy = 7EFF43612AD3342300DD5468 /* PBXContainerItemProxy */;
		};
		7EFF436C2AD3342300DD5468 /* PBXTargetDependency */ = {
			isa = PBXTargetDependency;
			target = 7EFF434F2AD3342100DD5468 /* Revcipe */;
			targetProxy = 7EFF436B2AD3342300DD5468 /* PBXContainerItemProxy */;
		};
/* End PBXTargetDependency section */

/* Begin XCBuildConfiguration section */
		7EFF43722AD3342300DD5468 /* Debug */ = {
			isa = XCBuildConfiguration;
			buildSettings = {
				ALWAYS_SEARCH_USER_PATHS = NO;
				ASSETCATALOG_COMPILER_GENERATE_SWIFT_ASSET_SYMBOL_EXTENSIONS = YES;
				CLANG_ANALYZER_NONNULL = YES;
				CLANG_ANALYZER_NUMBER_OBJECT_CONVERSION = YES_AGGRESSIVE;
				CLANG_CXX_LANGUAGE_STANDARD = "gnu++20";
				CLANG_ENABLE_MODULES = YES;
				CLANG_ENABLE_OBJC_ARC = YES;
				CLANG_ENABLE_OBJC_WEAK = YES;
				CLANG_WARN_BLOCK_CAPTURE_AUTORELEASING = YES;
				CLANG_WARN_BOOL_CONVERSION = YES;
				CLANG_WARN_COMMA = YES;
				CLANG_WARN_CONSTANT_CONVERSION = YES;
				CLANG_WARN_DEPRECATED_OBJC_IMPLEMENTATIONS = YES;
				CLANG_WARN_DIRECT_OBJC_ISA_USAGE = YES_ERROR;
				CLANG_WARN_DOCUMENTATION_COMMENTS = YES;
				CLANG_WARN_EMPTY_BODY = YES;
				CLANG_WARN_ENUM_CONVERSION = YES;
				CLANG_WARN_INFINITE_RECURSION = YES;
				CLANG_WARN_INT_CONVERSION = YES;
				CLANG_WARN_NON_LITERAL_NULL_CONVERSION = YES;
				CLANG_WARN_OBJC_IMPLICIT_RETAIN_SELF = YES;
				CLANG_WARN_OBJC_LITERAL_CONVERSION = YES;
				CLANG_WARN_OBJC_ROOT_CLASS = YES_ERROR;
				CLANG_WARN_QUOTED_INCLUDE_IN_FRAMEWORK_HEADER = YES;
				CLANG_WARN_RANGE_LOOP_ANALYSIS = YES;
				CLANG_WARN_STRICT_PROTOTYPES = YES;
				CLANG_WARN_SUSPICIOUS_MOVE = YES;
				CLANG_WARN_UNGUARDED_AVAILABILITY = YES_AGGRESSIVE;
				CLANG_WARN_UNREACHABLE_CODE = YES;
				CLANG_WARN__DUPLICATE_METHOD_MATCH = YES;
				COPY_PHASE_STRIP = NO;
				DEBUG_INFORMATION_FORMAT = dwarf;
				ENABLE_STRICT_OBJC_MSGSEND = YES;
				ENABLE_TESTABILITY = YES;
				ENABLE_USER_SCRIPT_SANDBOXING = YES;
				GCC_C_LANGUAGE_STANDARD = gnu17;
				GCC_DYNAMIC_NO_PIC = NO;
				GCC_NO_COMMON_BLOCKS = YES;
				GCC_OPTIMIZATION_LEVEL = 0;
				GCC_PREPROCESSOR_DEFINITIONS = (
					"DEBUG=1",
					"$(inherited)",
				);
				GCC_WARN_64_TO_32_BIT_CONVERSION = YES;
				GCC_WARN_ABOUT_RETURN_TYPE = YES_ERROR;
				GCC_WARN_UNDECLARED_SELECTOR = YES;
				GCC_WARN_UNINITIALIZED_AUTOS = YES_AGGRESSIVE;
				GCC_WARN_UNUSED_FUNCTION = YES;
				GCC_WARN_UNUSED_VARIABLE = YES;
				IPHONEOS_DEPLOYMENT_TARGET = 17.0;
				LOCALIZATION_PREFERS_STRING_CATALOGS = YES;
				MTL_ENABLE_DEBUG_INFO = INCLUDE_SOURCE;
				MTL_FAST_MATH = YES;
				ONLY_ACTIVE_ARCH = YES;
				SDKROOT = iphoneos;
				SWIFT_ACTIVE_COMPILATION_CONDITIONS = "DEBUG $(inherited)";
				SWIFT_OPTIMIZATION_LEVEL = "-Onone";
			};
			name = Debug;
		};
		7EFF43732AD3342300DD5468 /* Release */ = {
			isa = XCBuildConfiguration;
			buildSettings = {
				ALWAYS_SEARCH_USER_PATHS = NO;
				ASSETCATALOG_COMPILER_GENERATE_SWIFT_ASSET_SYMBOL_EXTENSIONS = YES;
				CLANG_ANALYZER_NONNULL = YES;
				CLANG_ANALYZER_NUMBER_OBJECT_CONVERSION = YES_AGGRESSIVE;
				CLANG_CXX_LANGUAGE_STANDARD = "gnu++20";
				CLANG_ENABLE_MODULES = YES;
				CLANG_ENABLE_OBJC_ARC = YES;
				CLANG_ENABLE_OBJC_WEAK = YES;
				CLANG_WARN_BLOCK_CAPTURE_AUTORELEASING = YES;
				CLANG_WARN_BOOL_CONVERSION = YES;
				CLANG_WARN_COMMA = YES;
				CLANG_WARN_CONSTANT_CONVERSION = YES;
				CLANG_WARN_DEPRECATED_OBJC_IMPLEMENTATIONS = YES;
				CLANG_WARN_DIRECT_OBJC_ISA_USAGE = YES_ERROR;
				CLANG_WARN_DOCUMENTATION_COMMENTS = YES;
				CLANG_WARN_EMPTY_BODY = YES;
				CLANG_WARN_ENUM_CONVERSION = YES;
				CLANG_WARN_INFINITE_RECURSION = YES;
				CLANG_WARN_INT_CONVERSION = YES;
				CLANG_WARN_NON_LITERAL_NULL_CONVERSION = YES;
				CLANG_WARN_OBJC_IMPLICIT_RETAIN_SELF = YES;
				CLANG_WARN_OBJC_LITERAL_CONVERSION = YES;
				CLANG_WARN_OBJC_ROOT_CLASS = YES_ERROR;
				CLANG_WARN_QUOTED_INCLUDE_IN_FRAMEWORK_HEADER = YES;
				CLANG_WARN_RANGE_LOOP_ANALYSIS = YES;
				CLANG_WARN_STRICT_PROTOTYPES = YES;
				CLANG_WARN_SUSPICIOUS_MOVE = YES;
				CLANG_WARN_UNGUARDED_AVAILABILITY = YES_AGGRESSIVE;
				CLANG_WARN_UNREACHABLE_CODE = YES;
				CLANG_WARN__DUPLICATE_METHOD_MATCH = YES;
				COPY_PHASE_STRIP = NO;
				DEBUG_INFORMATION_FORMAT = "dwarf-with-dsym";
				ENABLE_NS_ASSERTIONS = NO;
				ENABLE_STRICT_OBJC_MSGSEND = YES;
				ENABLE_USER_SCRIPT_SANDBOXING = YES;
				GCC_C_LANGUAGE_STANDARD = gnu17;
				GCC_NO_COMMON_BLOCKS = YES;
				GCC_WARN_64_TO_32_BIT_CONVERSION = YES;
				GCC_WARN_ABOUT_RETURN_TYPE = YES_ERROR;
				GCC_WARN_UNDECLARED_SELECTOR = YES;
				GCC_WARN_UNINITIALIZED_AUTOS = YES_AGGRESSIVE;
				GCC_WARN_UNUSED_FUNCTION = YES;
				GCC_WARN_UNUSED_VARIABLE = YES;
				IPHONEOS_DEPLOYMENT_TARGET = 17.0;
				LOCALIZATION_PREFERS_STRING_CATALOGS = YES;
				MTL_ENABLE_DEBUG_INFO = NO;
				MTL_FAST_MATH = YES;
				SDKROOT = iphoneos;
				SWIFT_COMPILATION_MODE = wholemodule;
				VALIDATE_PRODUCT = YES;
			};
			name = Release;
		};
		7EFF43752AD3342300DD5468 /* Debug */ = {
			isa = XCBuildConfiguration;
			buildSettings = {
				ASSETCATALOG_COMPILER_APPICON_NAME = AppIcon;
				ASSETCATALOG_COMPILER_GLOBAL_ACCENT_COLOR_NAME = AccentColor;
				CODE_SIGN_ENTITLEMENTS = Revcipe/Revcipe.entitlements;
				CODE_SIGN_STYLE = Automatic;
				CURRENT_PROJECT_VERSION = 1;
				DEVELOPMENT_ASSET_PATHS = "\"Revcipe/Preview Content\"";
				DEVELOPMENT_TEAM = 7574Y67WJ7;
				ENABLE_PREVIEWS = YES;
				GENERATE_INFOPLIST_FILE = YES;
				INFOPLIST_KEY_CFBundleDisplayName = Revcipe;
				INFOPLIST_KEY_LSApplicationCategoryType = "public.app-category.lifestyle";
				INFOPLIST_KEY_UIApplicationSceneManifest_Generation = YES;
				INFOPLIST_KEY_UIApplicationSupportsIndirectInputEvents = YES;
				INFOPLIST_KEY_UILaunchScreen_Generation = YES;
				INFOPLIST_KEY_UISupportedInterfaceOrientations = UIInterfaceOrientationPortrait;
				IPHONEOS_DEPLOYMENT_TARGET = 15.0;
				LD_RUNPATH_SEARCH_PATHS = (
					"$(inherited)",
					"@executable_path/Frameworks",
				);
				MARKETING_VERSION = 1.0;
				PRODUCT_BUNDLE_IDENTIFIER = school.rev.Revcipe;
				PRODUCT_NAME = "$(TARGET_NAME)";
				SWIFT_EMIT_LOC_STRINGS = YES;
				SWIFT_VERSION = 5.0;
				TARGETED_DEVICE_FAMILY = "1,2";
			};
			name = Debug;
		};
		7EFF43762AD3342300DD5468 /* Release */ = {
			isa = XCBuildConfiguration;
			buildSettings = {
				ASSETCATALOG_COMPILER_APPICON_NAME = AppIcon;
				ASSETCATALOG_COMPILER_GLOBAL_ACCENT_COLOR_NAME = AccentColor;
				CODE_SIGN_ENTITLEMENTS = Revcipe/Revcipe.entitlements;
				CODE_SIGN_STYLE = Automatic;
				CURRENT_PROJECT_VERSION = 1;
				DEVELOPMENT_ASSET_PATHS = "\"Revcipe/Preview Content\"";
				DEVELOPMENT_TEAM = 7574Y67WJ7;
				ENABLE_PREVIEWS = YES;
				GENERATE_INFOPLIST_FILE = YES;
				INFOPLIST_KEY_CFBundleDisplayName = Revcipe;
				INFOPLIST_KEY_LSApplicationCategoryType = "public.app-category.lifestyle";
				INFOPLIST_KEY_UIApplicationSceneManifest_Generation = YES;
				INFOPLIST_KEY_UIApplicationSupportsIndirectInputEvents = YES;
				INFOPLIST_KEY_UILaunchScreen_Generation = YES;
				INFOPLIST_KEY_UISupportedInterfaceOrientations = UIInterfaceOrientationPortrait;
				IPHONEOS_DEPLOYMENT_TARGET = 15.0;
				LD_RUNPATH_SEARCH_PATHS = (
					"$(inherited)",
					"@executable_path/Frameworks",
				);
				MARKETING_VERSION = 1.0;
				PRODUCT_BUNDLE_IDENTIFIER = school.rev.Revcipe;
				PRODUCT_NAME = "$(TARGET_NAME)";
				SWIFT_EMIT_LOC_STRINGS = YES;
				SWIFT_VERSION = 5.0;
				TARGETED_DEVICE_FAMILY = "1,2";
			};
			name = Release;
		};
		7EFF43782AD3342300DD5468 /* Debug */ = {
			isa = XCBuildConfiguration;
			buildSettings = {
				ALWAYS_EMBED_SWIFT_STANDARD_LIBRARIES = YES;
				BUNDLE_LOADER = "$(TEST_HOST)";
				CODE_SIGN_STYLE = Automatic;
				CURRENT_PROJECT_VERSION = 1;
				DEVELOPMENT_TEAM = 7L763852RV;
				GENERATE_INFOPLIST_FILE = YES;
				IPHONEOS_DEPLOYMENT_TARGET = 17.0;
				MARKETING_VERSION = 1.0;
				PRODUCT_BUNDLE_IDENTIFIER = revc0.RevcipeTests;
				PRODUCT_NAME = "$(TARGET_NAME)";
				SWIFT_EMIT_LOC_STRINGS = NO;
				SWIFT_VERSION = 5.0;
				TARGETED_DEVICE_FAMILY = "1,2";
				TEST_HOST = "$(BUILT_PRODUCTS_DIR)/Revcipe.app/$(BUNDLE_EXECUTABLE_FOLDER_PATH)/Revcipe";
			};
			name = Debug;
		};
		7EFF43792AD3342300DD5468 /* Release */ = {
			isa = XCBuildConfiguration;
			buildSettings = {
				ALWAYS_EMBED_SWIFT_STANDARD_LIBRARIES = YES;
				BUNDLE_LOADER = "$(TEST_HOST)";
				CODE_SIGN_STYLE = Automatic;
				CURRENT_PROJECT_VERSION = 1;
				DEVELOPMENT_TEAM = 7L763852RV;
				GENERATE_INFOPLIST_FILE = YES;
				IPHONEOS_DEPLOYMENT_TARGET = 17.0;
				MARKETING_VERSION = 1.0;
				PRODUCT_BUNDLE_IDENTIFIER = revc0.RevcipeTests;
				PRODUCT_NAME = "$(TARGET_NAME)";
				SWIFT_EMIT_LOC_STRINGS = NO;
				SWIFT_VERSION = 5.0;
				TARGETED_DEVICE_FAMILY = "1,2";
				TEST_HOST = "$(BUILT_PRODUCTS_DIR)/Revcipe.app/$(BUNDLE_EXECUTABLE_FOLDER_PATH)/Revcipe";
			};
			name = Release;
		};
		7EFF437B2AD3342300DD5468 /* Debug */ = {
			isa = XCBuildConfiguration;
			buildSettings = {
				ALWAYS_EMBED_SWIFT_STANDARD_LIBRARIES = YES;
				CODE_SIGN_STYLE = Automatic;
				CURRENT_PROJECT_VERSION = 1;
				DEVELOPMENT_TEAM = 7L763852RV;
				GENERATE_INFOPLIST_FILE = YES;
				MARKETING_VERSION = 1.0;
				PRODUCT_BUNDLE_IDENTIFIER = revc0.RevcipeUITests;
				PRODUCT_NAME = "$(TARGET_NAME)";
				SWIFT_EMIT_LOC_STRINGS = NO;
				SWIFT_VERSION = 5.0;
				TARGETED_DEVICE_FAMILY = "1,2";
				TEST_TARGET_NAME = Revcipe;
			};
			name = Debug;
		};
		7EFF437C2AD3342300DD5468 /* Release */ = {
			isa = XCBuildConfiguration;
			buildSettings = {
				ALWAYS_EMBED_SWIFT_STANDARD_LIBRARIES = YES;
				CODE_SIGN_STYLE = Automatic;
				CURRENT_PROJECT_VERSION = 1;
				DEVELOPMENT_TEAM = 7L763852RV;
				GENERATE_INFOPLIST_FILE = YES;
				MARKETING_VERSION = 1.0;
				PRODUCT_BUNDLE_IDENTIFIER = revc0.RevcipeUITests;
				PRODUCT_NAME = "$(TARGET_NAME)";
				SWIFT_EMIT_LOC_STRINGS = NO;
				SWIFT_VERSION = 5.0;
				TARGETED_DEVICE_FAMILY = "1,2";
				TEST_TARGET_NAME = Revcipe;
			};
			name = Release;
		};
/* End XCBuildConfiguration section */

/* Begin XCConfigurationList section */
		7EFF434B2AD3342100DD5468 /* Build configuration list for PBXProject "Revcipe" */ = {
			isa = XCConfigurationList;
			buildConfigurations = (
				7EFF43722AD3342300DD5468 /* Debug */,
				7EFF43732AD3342300DD5468 /* Release */,
			);
			defaultConfigurationIsVisible = 0;
			defaultConfigurationName = Release;
		};
		7EFF43742AD3342300DD5468 /* Build configuration list for PBXNativeTarget "Revcipe" */ = {
			isa = XCConfigurationList;
			buildConfigurations = (
				7EFF43752AD3342300DD5468 /* Debug */,
				7EFF43762AD3342300DD5468 /* Release */,
			);
			defaultConfigurationIsVisible = 0;
			defaultConfigurationName = Release;
		};
		7EFF43772AD3342300DD5468 /* Build configuration list for PBXNativeTarget "RevcipeTests" */ = {
			isa = XCConfigurationList;
			buildConfigurations = (
				7EFF43782AD3342300DD5468 /* Debug */,
				7EFF43792AD3342300DD5468 /* Release */,
			);
			defaultConfigurationIsVisible = 0;
			defaultConfigurationName = Release;
		};
		7EFF437A2AD3342300DD5468 /* Build configuration list for PBXNativeTarget "RevcipeUITests" */ = {
			isa = XCConfigurationList;
			buildConfigurations = (
				7EFF437B2AD3342300DD5468 /* Debug */,
				7EFF437C2AD3342300DD5468 /* Release */,
			);
			defaultConfigurationIsVisible = 0;
			defaultConfigurationName = Release;
		};
/* End XCConfigurationList section */

/* Begin XCRemoteSwiftPackageReference section */
		7EFF437D2AD354C100DD5468 /* XCRemoteSwiftPackageReference "firebase-ios-sdk" */ = {
			isa = XCRemoteSwiftPackageReference;
			repositoryURL = "https://github.com/firebase/firebase-ios-sdk";
			requirement = {
				kind = upToNextMajorVersion;
				minimumVersion = 10.16.0;
			};
		};
/* End XCRemoteSwiftPackageReference section */

/* Begin XCSwiftPackageProductDependency section */
		7EFF438A2AD35AD200DD5468 /* FirebaseAuth */ = {
			isa = XCSwiftPackageProductDependency;
			package = 7EFF437D2AD354C100DD5468 /* XCRemoteSwiftPackageReference "firebase-ios-sdk" */;
			productName = FirebaseAuth;
		};
		7EFF438C2AD35AD200DD5468 /* FirebaseFirestore */ = {
			isa = XCSwiftPackageProductDependency;
			package = 7EFF437D2AD354C100DD5468 /* XCRemoteSwiftPackageReference "firebase-ios-sdk" */;
			productName = FirebaseFirestore;
		};
		7EFF438E2AD35AD200DD5468 /* FirebaseFirestoreSwift */ = {
			isa = XCSwiftPackageProductDependency;
			package = 7EFF437D2AD354C100DD5468 /* XCRemoteSwiftPackageReference "firebase-ios-sdk" */;
			productName = FirebaseFirestoreSwift;
		};
/* End XCSwiftPackageProductDependency section */
	};
	rootObject = 7EFF43482AD3342100DD5468 /* Project object */;
}
